
Microsoft Visual Studio Solution File, Format Version 12.00
# Visual Studio 15
VisualStudioVersion = 15.0.28010.2003
MinimumVisualStudioVersion = 10.0.40219.1
Project("{FAE04EC0-301F-11D3-BF4B-00C04F79EFBC}") = "RelaCS App", "RelaCS App\RelaCS App.csproj", "{2A77F980-530E-4116-901A-07CECE7FD5CD}"
EndProject
Global
	GlobalSection(SolutionConfigurationPlatforms) = preSolution
		Debug|Any CPU = Debug|Any CPU
		Release|Any CPU = Release|Any CPU
	EndGlobalSection
	GlobalSection(ProjectConfigurationPlatforms) = postSolution
		{2A77F980-530E-4116-901A-07CECE7FD5CD}.Debug|Any CPU.ActiveCfg = Debug|Any CPU
		{2A77F980-530E-4116-901A-07CECE7FD5CD}.Debug|Any CPU.Build.0 = Debug|Any CPU
		{2A77F980-530E-4116-901A-07CECE7FD5CD}.Release|Any CPU.ActiveCfg = Release|Any CPU
		{2A77F980-530E-4116-901A-07CECE7FD5CD}.Release|Any CPU.Build.0 = Release|Any CPU
	EndGlobalSection
	GlobalSection(SolutionProperties) = preSolution
		HideSolutionNode = FALSE
	EndGlobalSection
	GlobalSection(ExtensibilityGlobals) = postSolution
		SolutionGuid = {8D9C70A9-651A-4D3B-A37A-1554364E58D2}
	EndGlobalSection
EndGlobal
